// !$*UTF8*$!
{
	archiveVersion = 1;
	classes = {
	};
	objectVersion = 56;
	objects = {

/* Begin PBXBuildFile section */
		C248FBCF2A1D4390004B6EDE /* AppDelegate.swift in Sources */ = {isa = PBXBuildFile; fileRef = C248FBCE2A1D4390004B6EDE /* AppDelegate.swift */; };
		C248FBD12A1D4390004B6EDE /* SceneDelegate.swift in Sources */ = {isa = PBXBuildFile; fileRef = C248FBD02A1D4390004B6EDE /* SceneDelegate.swift */; };
		C248FBD62A1D4390004B6EDE /* DessertListView.storyboard in Resources */ = {isa = PBXBuildFile; fileRef = C248FBD42A1D4390004B6EDE /* DessertListView.storyboard */; };
		C248FBD82A1D4391004B6EDE /* Assets.xcassets in Resources */ = {isa = PBXBuildFile; fileRef = C248FBD72A1D4391004B6EDE /* Assets.xcassets */; };
		C248FBEE2A1D47D9004B6EDE /* DessertListTableViewCell.swift in Sources */ = {isa = PBXBuildFile; fileRef = C248FBED2A1D47D9004B6EDE /* DessertListTableViewCell.swift */; };
		C248FBF12A1D47FB004B6EDE /* DessertListTableViewController.swift in Sources */ = {isa = PBXBuildFile; fileRef = C248FBF02A1D47FB004B6EDE /* DessertListTableViewController.swift */; };
		C248FBF42A1D49FD004B6EDE /* DessertList.swift in Sources */ = {isa = PBXBuildFile; fileRef = C248FBF32A1D49FD004B6EDE /* DessertList.swift */; };
		C248FBF62A1D4B7F004B6EDE /* DessertListViewModel.swift in Sources */ = {isa = PBXBuildFile; fileRef = C248FBF52A1D4B7F004B6EDE /* DessertListViewModel.swift */; };
		C248FBF82A1D4BC8004B6EDE /* ResultError.swift in Sources */ = {isa = PBXBuildFile; fileRef = C248FBF72A1D4BC8004B6EDE /* ResultError.swift */; };
		C248FBFF2A1D4C7F004B6EDE /* APIService.swift in Sources */ = {isa = PBXBuildFile; fileRef = C248FBFE2A1D4C7F004B6EDE /* APIService.swift */; };
		C248FC012A1E7AEF004B6EDE /* DessertListService.swift in Sources */ = {isa = PBXBuildFile; fileRef = C248FC002A1E7AEF004B6EDE /* DessertListService.swift */; };
		C248FC032A1E7C4F004B6EDE /* ApiEndpoints.swift in Sources */ = {isa = PBXBuildFile; fileRef = C248FC022A1E7C4F004B6EDE /* ApiEndpoints.swift */; };
		C248FC052A1E86E6004B6EDE /* ImageViewService.swift in Sources */ = {isa = PBXBuildFile; fileRef = C248FC042A1E86E6004B6EDE /* ImageViewService.swift */; };
		C248FC072A1FC2D2004B6EDE /* DessertDetail.storyboard in Resources */ = {isa = PBXBuildFile; fileRef = C248FC062A1FC2D2004B6EDE /* DessertDetail.storyboard */; };
		C248FC092A1FC3AC004B6EDE /* DessertDetailViewController.swift in Sources */ = {isa = PBXBuildFile; fileRef = C248FC082A1FC3AC004B6EDE /* DessertDetailViewController.swift */; };
/* End PBXBuildFile section */

/* Begin PBXFileReference section */
		C248FBCB2A1D4390004B6EDE /* MealDB.app */ = {isa = PBXFileReference; explicitFileType = wrapper.application; includeInIndex = 0; path = MealDB.app; sourceTree = BUILT_PRODUCTS_DIR; };
		C248FBCE2A1D4390004B6EDE /* AppDelegate.swift */ = {isa = PBXFileReference; lastKnownFileType = sourcecode.swift; path = AppDelegate.swift; sourceTree = "<group>"; };
		C248FBD02A1D4390004B6EDE /* SceneDelegate.swift */ = {isa = PBXFileReference; lastKnownFileType = sourcecode.swift; path = SceneDelegate.swift; sourceTree = "<group>"; };
		C248FBD52A1D4390004B6EDE /* Base */ = {isa = PBXFileReference; lastKnownFileType = file.storyboard; name = Base; path = Base.lproj/DessertListView.storyboard; sourceTree = "<group>"; };
		C248FBD72A1D4391004B6EDE /* Assets.xcassets */ = {isa = PBXFileReference; lastKnownFileType = folder.assetcatalog; path = Assets.xcassets; sourceTree = "<group>"; };
		C248FBDC2A1D4391004B6EDE /* Info.plist */ = {isa = PBXFileReference; lastKnownFileType = text.plist.xml; path = Info.plist; sourceTree = "<group>"; };
		C248FBED2A1D47D9004B6EDE /* DessertListTableViewCell.swift */ = {isa = PBXFileReference; lastKnownFileType = sourcecode.swift; path = DessertListTableViewCell.swift; sourceTree = "<group>"; };
		C248FBF02A1D47FB004B6EDE /* DessertListTableViewController.swift */ = {isa = PBXFileReference; lastKnownFileType = sourcecode.swift; path = DessertListTableViewController.swift; sourceTree = "<group>"; };
		C248FBF32A1D49FD004B6EDE /* DessertList.swift */ = {isa = PBXFileReference; lastKnownFileType = sourcecode.swift; path = DessertList.swift; sourceTree = "<group>"; };
		C248FBF52A1D4B7F004B6EDE /* DessertListViewModel.swift */ = {isa = PBXFileReference; lastKnownFileType = sourcecode.swift; path = DessertListViewModel.swift; sourceTree = "<group>"; };
		C248FBF72A1D4BC8004B6EDE /* ResultError.swift */ = {isa = PBXFileReference; lastKnownFileType = sourcecode.swift; path = ResultError.swift; sourceTree = "<group>"; };
		C248FBFE2A1D4C7F004B6EDE /* APIService.swift */ = {isa = PBXFileReference; lastKnownFileType = sourcecode.swift; path = APIService.swift; sourceTree = "<group>"; };
		C248FC002A1E7AEF004B6EDE /* DessertListService.swift */ = {isa = PBXFileReference; lastKnownFileType = sourcecode.swift; path = DessertListService.swift; sourceTree = "<group>"; };
		C248FC022A1E7C4F004B6EDE /* ApiEndpoints.swift */ = {isa = PBXFileReference; lastKnownFileType = sourcecode.swift; path = ApiEndpoints.swift; sourceTree = "<group>"; };
		C248FC042A1E86E6004B6EDE /* ImageViewService.swift */ = {isa = PBXFileReference; lastKnownFileType = sourcecode.swift; path = ImageViewService.swift; sourceTree = "<group>"; };
		C248FC062A1FC2D2004B6EDE /* DessertDetail.storyboard */ = {isa = PBXFileReference; lastKnownFileType = file.storyboard; path = DessertDetail.storyboard; sourceTree = "<group>"; };
		C248FC082A1FC3AC004B6EDE /* DessertDetailViewController.swift */ = {isa = PBXFileReference; lastKnownFileType = sourcecode.swift; path = DessertDetailViewController.swift; sourceTree = "<group>"; };
/* End PBXFileReference section */

/* Begin PBXFrameworksBuildPhase section */
		C248FBC82A1D4390004B6EDE /* Frameworks */ = {
			isa = PBXFrameworksBuildPhase;
			buildActionMask = 2147483647;
			files = (
			);
			runOnlyForDeploymentPostprocessing = 0;
		};
/* End PBXFrameworksBuildPhase section */

/* Begin PBXGroup section */
		C248FBC22A1D4390004B6EDE = {
			isa = PBXGroup;
			children = (
				C248FBCD2A1D4390004B6EDE /* MealDB */,
				C248FBCC2A1D4390004B6EDE /* Products */,
			);
			sourceTree = "<group>";
		};
		C248FBCC2A1D4390004B6EDE /* Products */ = {
			isa = PBXGroup;
			children = (
				C248FBCB2A1D4390004B6EDE /* MealDB.app */,
			);
			name = Products;
			sourceTree = "<group>";
		};
		C248FBCD2A1D4390004B6EDE /* MealDB */ = {
			isa = PBXGroup;
			children = (
				C248FBF92A1D4BF7004B6EDE /* Networking */,
				C248FBFD2A1D4C53004B6EDE /* Main */,
				C248FBE22A1D4443004B6EDE /* Resources */,
			);
			path = MealDB;
			sourceTree = "<group>";
		};
		C248FBE22A1D4443004B6EDE /* Resources */ = {
			isa = PBXGroup;
			children = (
				C248FBCE2A1D4390004B6EDE /* AppDelegate.swift */,
				C248FBD02A1D4390004B6EDE /* SceneDelegate.swift */,
				C248FBD72A1D4391004B6EDE /* Assets.xcassets */,
				C248FBDC2A1D4391004B6EDE /* Info.plist */,
			);
			path = Resources;
			sourceTree = "<group>";
		};
		C248FBE32A1D45A5004B6EDE /* DessertListView */ = {
			isa = PBXGroup;
			children = (
				C248FBFA2A1D4C0B004B6EDE /* NetworkService */,
				C248FBE72A1D4609004B6EDE /* Model */,
				C248FBF22A1D49DA004B6EDE /* View */,
				C248FBE82A1D4618004B6EDE /* ViewModel */,
			);
			path = DessertListView;
			sourceTree = "<group>";
		};
		C248FBE42A1D45DE004B6EDE /* DessertDetailView */ = {
			isa = PBXGroup;
			children = (
				C248FBFC2A1D4C3A004B6EDE /* NetworkService */,
				C248FBFB2A1D4C30004B6EDE /* View */,
				C248FBEB2A1D4636004B6EDE /* Model */,
				C248FBE92A1D4625004B6EDE /* ViewModel */,
			);
			path = DessertDetailView;
			sourceTree = "<group>";
		};
		C248FBE72A1D4609004B6EDE /* Model */ = {
			isa = PBXGroup;
			children = (
				C248FBF32A1D49FD004B6EDE /* DessertList.swift */,
			);
			path = Model;
			sourceTree = "<group>";
		};
		C248FBE82A1D4618004B6EDE /* ViewModel */ = {
			isa = PBXGroup;
			children = (
				C248FBF52A1D4B7F004B6EDE /* DessertListViewModel.swift */,
			);
			path = ViewModel;
			sourceTree = "<group>";
		};
		C248FBE92A1D4625004B6EDE /* ViewModel */ = {
			isa = PBXGroup;
			children = (
			);
			path = ViewModel;
			sourceTree = "<group>";
		};
		C248FBEB2A1D4636004B6EDE /* Model */ = {
			isa = PBXGroup;
			children = (
			);
			path = Model;
			sourceTree = "<group>";
		};
		C248FBEF2A1D47DD004B6EDE /* CustomCell */ = {
			isa = PBXGroup;
			children = (
				C248FBED2A1D47D9004B6EDE /* DessertListTableViewCell.swift */,
			);
			path = CustomCell;
			sourceTree = "<group>";
		};
		C248FBF22A1D49DA004B6EDE /* View */ = {
			isa = PBXGroup;
			children = (
				C248FBD42A1D4390004B6EDE /* DessertListView.storyboard */,
				C248FBF02A1D47FB004B6EDE /* DessertListTableViewController.swift */,
				C248FBEF2A1D47DD004B6EDE /* CustomCell */,
			);
			path = View;
			sourceTree = "<group>";
		};
		C248FBF92A1D4BF7004B6EDE /* Networking */ = {
			isa = PBXGroup;
			children = (
				C248FBF72A1D4BC8004B6EDE /* ResultError.swift */,
				C248FBFE2A1D4C7F004B6EDE /* APIService.swift */,
				C248FC022A1E7C4F004B6EDE /* ApiEndpoints.swift */,
				C248FC042A1E86E6004B6EDE /* ImageViewService.swift */,
			);
			path = Networking;
			sourceTree = "<group>";
		};
		C248FBFA2A1D4C0B004B6EDE /* NetworkService */ = {
			isa = PBXGroup;
			children = (
				C248FC002A1E7AEF004B6EDE /* DessertListService.swift */,
			);
			path = NetworkService;
			sourceTree = "<group>";
		};
		C248FBFB2A1D4C30004B6EDE /* View */ = {
			isa = PBXGroup;
			children = (
				C248FC062A1FC2D2004B6EDE /* DessertDetail.storyboard */,
				C248FC082A1FC3AC004B6EDE /* DessertDetailViewController.swift */,
			);
			path = View;
			sourceTree = "<group>";
		};
		C248FBFC2A1D4C3A004B6EDE /* NetworkService */ = {
			isa = PBXGroup;
			children = (
			);
			path = NetworkService;
			sourceTree = "<group>";
		};
		C248FBFD2A1D4C53004B6EDE /* Main */ = {
			isa = PBXGroup;
			children = (
				C248FBE32A1D45A5004B6EDE /* DessertListView */,
				C248FBE42A1D45DE004B6EDE /* DessertDetailView */,
			);
			path = Main;
			sourceTree = "<group>";
		};
/* End PBXGroup section */

/* Begin PBXNativeTarget section */
		C248FBCA2A1D4390004B6EDE /* MealDB */ = {
			isa = PBXNativeTarget;
			buildConfigurationList = C248FBDF2A1D4391004B6EDE /* Build configuration list for PBXNativeTarget "MealDB" */;
			buildPhases = (
				C248FBC72A1D4390004B6EDE /* Sources */,
				C248FBC82A1D4390004B6EDE /* Frameworks */,
				C248FBC92A1D4390004B6EDE /* Resources */,
			);
			buildRules = (
			);
			dependencies = (
			);
			name = MealDB;
			productName = MealDB;
			productReference = C248FBCB2A1D4390004B6EDE /* MealDB.app */;
			productType = "com.apple.product-type.application";
		};
/* End PBXNativeTarget section */

/* Begin PBXProject section */
		C248FBC32A1D4390004B6EDE /* Project object */ = {
			isa = PBXProject;
			attributes = {
				BuildIndependentTargetsInParallel = 1;
				LastSwiftUpdateCheck = 1420;
				LastUpgradeCheck = 1420;
				TargetAttributes = {
					C248FBCA2A1D4390004B6EDE = {
						CreatedOnToolsVersion = 14.2;
					};
				};
			};
			buildConfigurationList = C248FBC62A1D4390004B6EDE /* Build configuration list for PBXProject "MealDB" */;
			compatibilityVersion = "Xcode 14.0";
			developmentRegion = en;
			hasScannedForEncodings = 0;
			knownRegions = (
				en,
				Base,
			);
			mainGroup = C248FBC22A1D4390004B6EDE;
			productRefGroup = C248FBCC2A1D4390004B6EDE /* Products */;
			projectDirPath = "";
			projectRoot = "";
			targets = (
				C248FBCA2A1D4390004B6EDE /* MealDB */,
			);
		};
/* End PBXProject section */

/* Begin PBXResourcesBuildPhase section */
		C248FBC92A1D4390004B6EDE /* Resources */ = {
			isa = PBXResourcesBuildPhase;
			buildActionMask = 2147483647;
			files = (
				C248FC072A1FC2D2004B6EDE /* DessertDetail.storyboard in Resources */,
				C248FBD82A1D4391004B6EDE /* Assets.xcassets in Resources */,
				C248FBD62A1D4390004B6EDE /* DessertListView.storyboard in Resources */,
			);
			runOnlyForDeploymentPostprocessing = 0;
		};
/* End PBXResourcesBuildPhase section */

/* Begin PBXSourcesBuildPhase section */
		C248FBC72A1D4390004B6EDE /* Sources */ = {
			isa = PBXSourcesBuildPhase;
			buildActionMask = 2147483647;
			files = (
				C248FBF12A1D47FB004B6EDE /* DessertListTableViewController.swift in Sources */,
				C248FBF62A1D4B7F004B6EDE /* DessertListViewModel.swift in Sources */,
				C248FBCF2A1D4390004B6EDE /* AppDelegate.swift in Sources */,
				C248FC052A1E86E6004B6EDE /* ImageViewService.swift in Sources */,
				C248FBF82A1D4BC8004B6EDE /* ResultError.swift in Sources */,
				C248FBD12A1D4390004B6EDE /* SceneDelegate.swift in Sources */,
				C248FC032A1E7C4F004B6EDE /* ApiEndpoints.swift in Sources */,
				C248FC092A1FC3AC004B6EDE /* DessertDetailViewController.swift in Sources */,
				C248FBF42A1D49FD004B6EDE /* DessertList.swift in Sources */,
				C248FBFF2A1D4C7F004B6EDE /* APIService.swift in Sources */,
				C248FC012A1E7AEF004B6EDE /* DessertListService.swift in Sources */,
				C248FBEE2A1D47D9004B6EDE /* DessertListTableViewCell.swift in Sources */,
			);
			runOnlyForDeploymentPostprocessing = 0;
		};
/* End PBXSourcesBuildPhase section */

/* Begin PBXVariantGroup section */
		C248FBD42A1D4390004B6EDE /* DessertListView.storyboard */ = {
			isa = PBXVariantGroup;
			children = (
				C248FBD52A1D4390004B6EDE /* Base */,
			);
			name = DessertListView.storyboard;
			sourceTree = "<group>";
		};
/* End PBXVariantGroup section */

/* Begin XCBuildConfiguration section */
		C248FBDD2A1D4391004B6EDE /* Debug */ = {
			isa = XCBuildConfiguration;
			buildSettings = {
				ALWAYS_SEARCH_USER_PATHS = NO;
				CLANG_ANALYZER_NONNULL = YES;
				CLANG_ANALYZER_NUMBER_OBJECT_CONVERSION = YES_AGGRESSIVE;
				CLANG_CXX_LANGUAGE_STANDARD = "gnu++20";
				CLANG_ENABLE_MODULES = YES;
				CLANG_ENABLE_OBJC_ARC = YES;
				CLANG_ENABLE_OBJC_WEAK = YES;
				CLANG_WARN_BLOCK_CAPTURE_AUTORELEASING = YES;
				CLANG_WARN_BOOL_CONVERSION = YES;
				CLANG_WARN_COMMA = YES;
				CLANG_WARN_CONSTANT_CONVERSION = YES;
				CLANG_WARN_DEPRECATED_OBJC_IMPLEMENTATIONS = YES;
				CLANG_WARN_DIRECT_OBJC_ISA_USAGE = YES_ERROR;
				CLANG_WARN_DOCUMENTATION_COMMENTS = YES;
				CLANG_WARN_EMPTY_BODY = YES;
				CLANG_WARN_ENUM_CONVERSION = YES;
				CLANG_WARN_INFINITE_RECURSION = YES;
				CLANG_WARN_INT_CONVERSION = YES;
				CLANG_WARN_NON_LITERAL_NULL_CONVERSION = YES;
				CLANG_WARN_OBJC_IMPLICIT_RETAIN_SELF = YES;
				CLANG_WARN_OBJC_LITERAL_CONVERSION = YES;
				CLANG_WARN_OBJC_ROOT_CLASS = YES_ERROR;
				CLANG_WARN_QUOTED_INCLUDE_IN_FRAMEWORK_HEADER = YES;
				CLANG_WARN_RANGE_LOOP_ANALYSIS = YES;
				CLANG_WARN_STRICT_PROTOTYPES = YES;
				CLANG_WARN_SUSPICIOUS_MOVE = YES;
				CLANG_WARN_UNGUARDED_AVAILABILITY = YES_AGGRESSIVE;
				CLANG_WARN_UNREACHABLE_CODE = YES;
				CLANG_WARN__DUPLICATE_METHOD_MATCH = YES;
				COPY_PHASE_STRIP = NO;
				DEBUG_INFORMATION_FORMAT = dwarf;
				ENABLE_STRICT_OBJC_MSGSEND = YES;
				ENABLE_TESTABILITY = YES;
				GCC_C_LANGUAGE_STANDARD = gnu11;
				GCC_DYNAMIC_NO_PIC = NO;
				GCC_NO_COMMON_BLOCKS = YES;
				GCC_OPTIMIZATION_LEVEL = 0;
				GCC_PREPROCESSOR_DEFINITIONS = (
					"DEBUG=1",
					"$(inherited)",
				);
				GCC_WARN_64_TO_32_BIT_CONVERSION = YES;
				GCC_WARN_ABOUT_RETURN_TYPE = YES_ERROR;
				GCC_WARN_UNDECLARED_SELECTOR = YES;
				GCC_WARN_UNINITIALIZED_AUTOS = YES_AGGRESSIVE;
				GCC_WARN_UNUSED_FUNCTION = YES;
				GCC_WARN_UNUSED_VARIABLE = YES;
				IPHONEOS_DEPLOYMENT_TARGET = 16.2;
				MTL_ENABLE_DEBUG_INFO = INCLUDE_SOURCE;
				MTL_FAST_MATH = YES;
				ONLY_ACTIVE_ARCH = YES;
				SDKROOT = iphoneos;
				SWIFT_ACTIVE_COMPILATION_CONDITIONS = DEBUG;
				SWIFT_OPTIMIZATION_LEVEL = "-Onone";
			};
			name = Debug;
		};
		C248FBDE2A1D4391004B6EDE /* Release */ = {
			isa = XCBuildConfiguration;
			buildSettings = {
				ALWAYS_SEARCH_USER_PATHS = NO;
				CLANG_ANALYZER_NONNULL = YES;
				CLANG_ANALYZER_NUMBER_OBJECT_CONVERSION = YES_AGGRESSIVE;
				CLANG_CXX_LANGUAGE_STANDARD = "gnu++20";
				CLANG_ENABLE_MODULES = YES;
				CLANG_ENABLE_OBJC_ARC = YES;
				CLANG_ENABLE_OBJC_WEAK = YES;
				CLANG_WARN_BLOCK_CAPTURE_AUTORELEASING = YES;
				CLANG_WARN_BOOL_CONVERSION = YES;
				CLANG_WARN_COMMA = YES;
				CLANG_WARN_CONSTANT_CONVERSION = YES;
				CLANG_WARN_DEPRECATED_OBJC_IMPLEMENTATIONS = YES;
				CLANG_WARN_DIRECT_OBJC_ISA_USAGE = YES_ERROR;
				CLANG_WARN_DOCUMENTATION_COMMENTS = YES;
				CLANG_WARN_EMPTY_BODY = YES;
				CLANG_WARN_ENUM_CONVERSION = YES;
				CLANG_WARN_INFINITE_RECURSION = YES;
				CLANG_WARN_INT_CONVERSION = YES;
				CLANG_WARN_NON_LITERAL_NULL_CONVERSION = YES;
				CLANG_WARN_OBJC_IMPLICIT_RETAIN_SELF = YES;
				CLANG_WARN_OBJC_LITERAL_CONVERSION = YES;
				CLANG_WARN_OBJC_ROOT_CLASS = YES_ERROR;
				CLANG_WARN_QUOTED_INCLUDE_IN_FRAMEWORK_HEADER = YES;
				CLANG_WARN_RANGE_LOOP_ANALYSIS = YES;
				CLANG_WARN_STRICT_PROTOTYPES = YES;
				CLANG_WARN_SUSPICIOUS_MOVE = YES;
				CLANG_WARN_UNGUARDED_AVAILABILITY = YES_AGGRESSIVE;
				CLANG_WARN_UNREACHABLE_CODE = YES;
				CLANG_WARN__DUPLICATE_METHOD_MATCH = YES;
				COPY_PHASE_STRIP = NO;
				DEBUG_INFORMATION_FORMAT = "dwarf-with-dsym";
				ENABLE_NS_ASSERTIONS = NO;
				ENABLE_STRICT_OBJC_MSGSEND = YES;
				GCC_C_LANGUAGE_STANDARD = gnu11;
				GCC_NO_COMMON_BLOCKS = YES;
				GCC_WARN_64_TO_32_BIT_CONVERSION = YES;
				GCC_WARN_ABOUT_RETURN_TYPE = YES_ERROR;
				GCC_WARN_UNDECLARED_SELECTOR = YES;
				GCC_WARN_UNINITIALIZED_AUTOS = YES_AGGRESSIVE;
				GCC_WARN_UNUSED_FUNCTION = YES;
				GCC_WARN_UNUSED_VARIABLE = YES;
				IPHONEOS_DEPLOYMENT_TARGET = 16.2;
				MTL_ENABLE_DEBUG_INFO = NO;
				MTL_FAST_MATH = YES;
				SDKROOT = iphoneos;
				SWIFT_COMPILATION_MODE = wholemodule;
				SWIFT_OPTIMIZATION_LEVEL = "-O";
				VALIDATE_PRODUCT = YES;
			};
			name = Release;
		};
		C248FBE02A1D4391004B6EDE /* Debug */ = {
			isa = XCBuildConfiguration;
			buildSettings = {
				ASSETCATALOG_COMPILER_APPICON_NAME = AppIcon;
				ASSETCATALOG_COMPILER_GLOBAL_ACCENT_COLOR_NAME = AccentColor;
				CODE_SIGN_STYLE = Automatic;
				CURRENT_PROJECT_VERSION = 1;
				DEVELOPMENT_TEAM = 9DXP3CGV77;
				GENERATE_INFOPLIST_FILE = YES;
				INFOPLIST_FILE = MealDB/Resources/Info.plist;
				INFOPLIST_KEY_UIApplicationSupportsIndirectInputEvents = YES;
				INFOPLIST_KEY_UILaunchStoryboardName = LaunchScreen;
				INFOPLIST_KEY_UIMainStoryboardFile = DessertListView;
				INFOPLIST_KEY_UISupportedInterfaceOrientations_iPad = "UIInterfaceOrientationPortrait UIInterfaceOrientationPortraitUpsideDown UIInterfaceOrientationLandscapeLeft UIInterfaceOrientationLandscapeRight";
				INFOPLIST_KEY_UISupportedInterfaceOrientations_iPhone = "UIInterfaceOrientationPortrait UIInterfaceOrientationLandscapeLeft UIInterfaceOrientationLandscapeRight";
				LD_RUNPATH_SEARCH_PATHS = (
					"$(inherited)",
					"@executable_path/Frameworks",
				);
				MARKETING_VERSION = 1.0;
				PRODUCT_BUNDLE_IDENTIFIER = com.adamsmith.MealDB;
				PRODUCT_NAME = "$(TARGET_NAME)";
				SWIFT_EMIT_LOC_STRINGS = YES;
				SWIFT_VERSION = 5.0;
				TARGETED_DEVICE_FAMILY = "1,2";
			};
			name = Debug;
		};
		C248FBE12A1D4391004B6EDE /* Release */ = {
			isa = XCBuildConfiguration;
			buildSettings = {
				ASSETCATALOG_COMPILER_APPICON_NAME = AppIcon;
				ASSETCATALOG_COMPILER_GLOBAL_ACCENT_COLOR_NAME = AccentColor;
				CODE_SIGN_STYLE = Automatic;
				CURRENT_PROJECT_VERSION = 1;
				DEVELOPMENT_TEAM = 9DXP3CGV77;
				GENERATE_INFOPLIST_FILE = YES;
				INFOPLIST_FILE = MealDB/Resources/Info.plist;
				INFOPLIST_KEY_UIApplicationSupportsIndirectInputEvents = YES;
				INFOPLIST_KEY_UILaunchStoryboardName = LaunchScreen;
				INFOPLIST_KEY_UIMainStoryboardFile = DessertListView;
				INFOPLIST_KEY_UISupportedInterfaceOrientations_iPad = "UIInterfaceOrientationPortrait UIInterfaceOrientationPortraitUpsideDown UIInterfaceOrientationLandscapeLeft UIInterfaceOrientationLandscapeRight";
				INFOPLIST_KEY_UISupportedInterfaceOrientations_iPhone = "UIInterfaceOrientationPortrait UIInterfaceOrientationLandscapeLeft UIInterfaceOrientationLandscapeRight";
				LD_RUNPATH_SEARCH_PATHS = (
					"$(inherited)",
					"@executable_path/Frameworks",
				);
				MARKETING_VERSION = 1.0;
				PRODUCT_BUNDLE_IDENTIFIER = com.adamsmith.MealDB;
				PRODUCT_NAME = "$(TARGET_NAME)";
				SWIFT_EMIT_LOC_STRINGS = YES;
				SWIFT_VERSION = 5.0;
				TARGETED_DEVICE_FAMILY = "1,2";
			};
			name = Release;
		};
/* End XCBuildConfiguration section */

/* Begin XCConfigurationList section */
		C248FBC62A1D4390004B6EDE /* Build configuration list for PBXProject "MealDB" */ = {
			isa = XCConfigurationList;
			buildConfigurations = (
				C248FBDD2A1D4391004B6EDE /* Debug */,
				C248FBDE2A1D4391004B6EDE /* Release */,
			);
			defaultConfigurationIsVisible = 0;
			defaultConfigurationName = Release;
		};
		C248FBDF2A1D4391004B6EDE /* Build configuration list for PBXNativeTarget "MealDB" */ = {
			isa = XCConfigurationList;
			buildConfigurations = (
				C248FBE02A1D4391004B6EDE /* Debug */,
				C248FBE12A1D4391004B6EDE /* Release */,
			);
			defaultConfigurationIsVisible = 0;
			defaultConfigurationName = Release;
		};
/* End XCConfigurationList section */
	};
	rootObject = C248FBC32A1D4390004B6EDE /* Project object */;
}
